
Microsoft Visual Studio Solution File, Format Version 12.00
# Visual Studio Version 16
VisualStudioVersion = 16.0.29911.84
MinimumVisualStudioVersion = 10.0.40219.1
Project("{FAE04EC0-301F-11D3-BF4B-00C04F79EFBC}") = "LR1", "LR1\LR1.csproj", "{9A0E4304-566F-4752-9C9D-8B0B3A6E567B}"
EndProject
Global
	GlobalSection(SolutionConfigurationPlatforms) = preSolution
		Debug|Any CPU = Debug|Any CPU
		Release|Any CPU = Release|Any CPU
	EndGlobalSection
	GlobalSection(ProjectConfigurationPlatforms) = postSolution
		{9A0E4304-566F-4752-9C9D-8B0B3A6E567B}.Debug|Any CPU.ActiveCfg = Debug|Any CPU
		{9A0E4304-566F-4752-9C9D-8B0B3A6E567B}.Debug|Any CPU.Build.0 = Debug|Any CPU
		{9A0E4304-566F-4752-9C9D-8B0B3A6E567B}.Release|Any CPU.ActiveCfg = Release|Any CPU
		{9A0E4304-566F-4752-9C9D-8B0B3A6E567B}.Release|Any CPU.Build.0 = Release|Any CPU
	EndGlobalSection
	GlobalSection(SolutionProperties) = preSolution
		HideSolutionNode = FALSE
	EndGlobalSection
	GlobalSection(ExtensibilityGlobals) = postSolution
		SolutionGuid = {7226A518-9A5E-46F7-AF59-097FB09C48E0}
	EndGlobalSection
EndGlobal
